{
  "name": "sample-site",
  "lockfileVersion": 2,
  "requires": true,
  "packages": {
    "": {
      "dependencies": {
        "nutrition-label-jquery-plugin": "^11.0.8"
      }
    },
    "node_modules/nutrition-label-jquery-plugin": {
      "version": "11.0.8",
      "resolved": "https://registry.npmjs.org/nutrition-label-jquery-plugin/-/nutrition-label-jquery-plugin-11.0.8.tgz",
      "integrity": "sha512-TBN2IAejmj6ynGovpipT18fe+pHkdOu/3KjKm3AONVcvHQIUNCvXlz365DTSqfsvWzu3E8PEU0r96DQBgOfLlQ==",
      "type": "module"
    }
  },
  "dependencies": {
    "nutrition-label-jquery-plugin": {
      "version": "11.0.8",
      "resolved": "https://registry.npmjs.org/nutrition-label-jquery-plugin/-/nutrition-label-jquery-plugin-11.0.8.tgz",
      "integrity": "sha512-TBN2IAejmj6ynGovpipT18fe+pHkdOu/3KjKm3AONVcvHQIUNCvXlz365DTSqfsvWzu3E8PEU0r96DQBgOfLlQ==",
      "type": "module"
    }
  }
}
